
Microsoft Visual Studio Solution File, Format Version 12.00
# Visual Studio Version 16
VisualStudioVersion = 16.0.30523.141
MinimumVisualStudioVersion = 10.0.40219.1
Project("{FAE04EC0-301F-11D3-BF4B-00C04F79EFBC}") = "LibraryManagementSytem", "LibraryManagementSytem.csproj", "{768ED507-F920-4408-AAF4-7AF5A10DC897}"
EndProject
Global
	GlobalSection(SolutionConfigurationPlatforms) = preSolution
		Debug|Any CPU = Debug|Any CPU
		Release|Any CPU = Release|Any CPU
	EndGlobalSection
	GlobalSection(ProjectConfigurationPlatforms) = postSolution
		{768ED507-F920-4408-AAF4-7AF5A10DC897}.Debug|Any CPU.ActiveCfg = Debug|Any CPU
		{768ED507-F920-4408-AAF4-7AF5A10DC897}.Debug|Any CPU.Build.0 = Debug|Any CPU
		{768ED507-F920-4408-AAF4-7AF5A10DC897}.Release|Any CPU.ActiveCfg = Release|Any CPU
		{768ED507-F920-4408-AAF4-7AF5A10DC897}.Release|Any CPU.Build.0 = Release|Any CPU
	EndGlobalSection
	GlobalSection(SolutionProperties) = preSolution
		HideSolutionNode = FALSE
	EndGlobalSection
	GlobalSection(ExtensibilityGlobals) = postSolution
		SolutionGuid = {FC6AE776-6B72-4262-8D26-D220F185D47D}
	EndGlobalSection
EndGlobal
